
Microsoft Visual Studio Solution File, Format Version 12.00
# Visual Studio Version 16
VisualStudioVersion = 16.0.30406.217
MinimumVisualStudioVersion = 10.0.40219.1
Project("{FAE04EC0-301F-11D3-BF4B-00C04F79EFBC}") = "MapsAreaCaptureTool", "MapsAreaCaptureTool\MapsAreaCaptureTool.csproj", "{8898DFD4-80C9-4805-900D-B077880B0D50}"
EndProject
Global
	GlobalSection(SolutionConfigurationPlatforms) = preSolution
		Debug|Any CPU = Debug|Any CPU
		Debug|x86 = Debug|x86
		Release|Any CPU = Release|Any CPU
		Release|x86 = Release|x86
	EndGlobalSection
	GlobalSection(ProjectConfigurationPlatforms) = postSolution
		{8898DFD4-80C9-4805-900D-B077880B0D50}.Debug|Any CPU.ActiveCfg = Debug|Any CPU
		{8898DFD4-80C9-4805-900D-B077880B0D50}.Debug|Any CPU.Build.0 = Debug|Any CPU
		{8898DFD4-80C9-4805-900D-B077880B0D50}.Debug|x86.ActiveCfg = Debug|x86
		{8898DFD4-80C9-4805-900D-B077880B0D50}.Debug|x86.Build.0 = Debug|x86
		{8898DFD4-80C9-4805-900D-B077880B0D50}.Release|Any CPU.ActiveCfg = Release|Any CPU
		{8898DFD4-80C9-4805-900D-B077880B0D50}.Release|Any CPU.Build.0 = Release|Any CPU
		{8898DFD4-80C9-4805-900D-B077880B0D50}.Release|x86.ActiveCfg = Release|x86
		{8898DFD4-80C9-4805-900D-B077880B0D50}.Release|x86.Build.0 = Release|x86
	EndGlobalSection
	GlobalSection(SolutionProperties) = preSolution
		HideSolutionNode = FALSE
	EndGlobalSection
	GlobalSection(ExtensibilityGlobals) = postSolution
		SolutionGuid = {3CE64EB2-886E-44C6-BC7D-BB0ABD0F9970}
	EndGlobalSection
EndGlobal
